
Microsoft Visual Studio Solution File, Format Version 12.00
# Visual Studio Version 16
VisualStudioVersion = 16.0.31829.152
MinimumVisualStudioVersion = 10.0.40219.1
Project("{9A19103F-16F7-4668-BE54-9A1E7A4F7556}") = "SC4DP2022_wpf", "SC4DP2022_wpf\SC4DP2022_wpf.csproj", "{97D471D3-37C2-46EC-B0BA-35414A3745BA}"
EndProject
Project("{2150E333-8FDC-42A3-9474-1A3956D46DE8}") = "Solution Items", "Solution Items", "{3E0D7033-EB6C-4CCC-A78E-A92D4EE42587}"
	ProjectSection(SolutionItems) = preProject
		.editorconfig = .editorconfig
	EndProjectSection
EndProject
Project("{FAE04EC0-301F-11D3-BF4B-00C04F79EFBC}") = "SC4DP2022_wpfTests", "SC4DP2022_wpfTests\SC4DP2022_wpfTests.csproj", "{F8C2E04F-1F9B-4002-B344-5CE2F816766B}"
EndProject
Global
	GlobalSection(SolutionConfigurationPlatforms) = preSolution
		Debug|Any CPU = Debug|Any CPU
		Release|Any CPU = Release|Any CPU
	EndGlobalSection
	GlobalSection(ProjectConfigurationPlatforms) = postSolution
		{97D471D3-37C2-46EC-B0BA-35414A3745BA}.Debug|Any CPU.ActiveCfg = Debug|Any CPU
		{97D471D3-37C2-46EC-B0BA-35414A3745BA}.Debug|Any CPU.Build.0 = Debug|Any CPU
		{97D471D3-37C2-46EC-B0BA-35414A3745BA}.Release|Any CPU.ActiveCfg = Release|Any CPU
		{97D471D3-37C2-46EC-B0BA-35414A3745BA}.Release|Any CPU.Build.0 = Release|Any CPU
		{F8C2E04F-1F9B-4002-B344-5CE2F816766B}.Debug|Any CPU.ActiveCfg = Debug|Any CPU
		{F8C2E04F-1F9B-4002-B344-5CE2F816766B}.Debug|Any CPU.Build.0 = Debug|Any CPU
		{F8C2E04F-1F9B-4002-B344-5CE2F816766B}.Release|Any CPU.ActiveCfg = Release|Any CPU
		{F8C2E04F-1F9B-4002-B344-5CE2F816766B}.Release|Any CPU.Build.0 = Release|Any CPU
	EndGlobalSection
	GlobalSection(SolutionProperties) = preSolution
		HideSolutionNode = FALSE
	EndGlobalSection
	GlobalSection(ExtensibilityGlobals) = postSolution
		SolutionGuid = {F7D7AD6A-8CF1-45E8-87AE-9E337303BBDF}
	EndGlobalSection
EndGlobal
